
Microsoft Visual Studio Solution File, Format Version 12.00
# Visual Studio Version 17
VisualStudioVersion = 17.5.002.0
MinimumVisualStudioVersion = 10.0.40219.1
Project("{9A19103F-16F7-4668-BE54-9A1E7A4F7556}") = "c-sharp-quickstart", "c-sharp-quickstart.csproj", "{3B299D3A-9D3E-4448-BD74-741AC531B759}"
EndProject
Global
	GlobalSection(SolutionConfigurationPlatforms) = preSolution
		Debug|Any CPU = Debug|Any CPU
		Release|Any CPU = Release|Any CPU
	EndGlobalSection
	GlobalSection(ProjectConfigurationPlatforms) = postSolution
		{3B299D3A-9D3E-4448-BD74-741AC531B759}.Debug|Any CPU.ActiveCfg = Debug|Any CPU
		{3B299D3A-9D3E-4448-BD74-741AC531B759}.Debug|Any CPU.Build.0 = Debug|Any CPU
		{3B299D3A-9D3E-4448-BD74-741AC531B759}.Release|Any CPU.ActiveCfg = Release|Any CPU
		{3B299D3A-9D3E-4448-BD74-741AC531B759}.Release|Any CPU.Build.0 = Release|Any CPU
	EndGlobalSection
	GlobalSection(SolutionProperties) = preSolution
		HideSolutionNode = FALSE
	EndGlobalSection
	GlobalSection(ExtensibilityGlobals) = postSolution
		SolutionGuid = {6DEEAD58-14C4-45EE-AE09-309B1B516AA9}
	EndGlobalSection
EndGlobal
